
Microsoft Visual Studio Solution File, Format Version 12.00
# Visual Studio 2013
VisualStudioVersion = 12.0.31101.0
MinimumVisualStudioVersion = 10.0.40219.1
Project("{FAE04EC0-301F-11D3-BF4B-00C04F79EFBC}") = "DfBListing", "DfBListing\DfBListing.csproj", "{A2C048EF-5CCE-4838-BD24-9EDF57D5F753}"
EndProject
Global
	GlobalSection(SolutionConfigurationPlatforms) = preSolution
		Debug|Any CPU = Debug|Any CPU
		Release|Any CPU = Release|Any CPU
	EndGlobalSection
	GlobalSection(ProjectConfigurationPlatforms) = postSolution
		{A2C048EF-5CCE-4838-BD24-9EDF57D5F753}.Debug|Any CPU.ActiveCfg = Debug|Any CPU
		{A2C048EF-5CCE-4838-BD24-9EDF57D5F753}.Debug|Any CPU.Build.0 = Debug|Any CPU
		{A2C048EF-5CCE-4838-BD24-9EDF57D5F753}.Release|Any CPU.ActiveCfg = Release|Any CPU
		{A2C048EF-5CCE-4838-BD24-9EDF57D5F753}.Release|Any CPU.Build.0 = Release|Any CPU
	EndGlobalSection
	GlobalSection(SolutionProperties) = preSolution
		HideSolutionNode = FALSE
	EndGlobalSection
EndGlobal
